
Microsoft Visual Studio Solution File, Format Version 12.00
# Visual Studio 2012
Project("{FAE04EC0-301F-11D3-BF4B-00C04F79EFBC}") = "Parallel-PozitifTamBolen", "Parallel-PozitifTamBolen\Parallel-PozitifTamBolen.csproj", "{DF5D34B8-80FC-4851-9A09-1F15AE9779C8}"
EndProject
Global
	GlobalSection(SolutionConfigurationPlatforms) = preSolution
		Debug|Any CPU = Debug|Any CPU
		Release|Any CPU = Release|Any CPU
	EndGlobalSection
	GlobalSection(ProjectConfigurationPlatforms) = postSolution
		{DF5D34B8-80FC-4851-9A09-1F15AE9779C8}.Debug|Any CPU.ActiveCfg = Debug|Any CPU
		{DF5D34B8-80FC-4851-9A09-1F15AE9779C8}.Debug|Any CPU.Build.0 = Debug|Any CPU
		{DF5D34B8-80FC-4851-9A09-1F15AE9779C8}.Release|Any CPU.ActiveCfg = Release|Any CPU
		{DF5D34B8-80FC-4851-9A09-1F15AE9779C8}.Release|Any CPU.Build.0 = Release|Any CPU
	EndGlobalSection
	GlobalSection(SolutionProperties) = preSolution
		HideSolutionNode = FALSE
	EndGlobalSection
EndGlobal
